
Microsoft Visual Studio Solution File, Format Version 12.00
# Visual Studio 15
Project("{FAE04EC0-301F-11D3-BF4B-00C04F79EFBC}") = "DevTest5.Android", "DevTest5.Android\DevTest5.Android.csproj", "{E941F30C-BD56-42A3-8A74-D05565E915DA}"
EndProject
Project("{FAE04EC0-301F-11D3-BF4B-00C04F79EFBC}") = "DevTest5.iOS", "DevTest5.iOS\DevTest5.iOS.csproj", "{7B912BF7-396E-4D16-880C-72D59DAE2E0E}"
EndProject
Project("{FAE04EC0-301F-11D3-BF4B-00C04F79EFBC}") = "DevTest5", "DevTest5\DevTest5.csproj", "{95496694-7820-46CD-9E11-508B698BFF54}"
EndProject
Global
	GlobalSection(SolutionConfigurationPlatforms) = preSolution
		Debug|Any CPU = Debug|Any CPU
		Release|Any CPU = Release|Any CPU
		Debug|iPhoneSimulator = Debug|iPhoneSimulator
		Release|iPhoneSimulator = Release|iPhoneSimulator
		Debug|iPhone = Debug|iPhone
		Release|iPhone = Release|iPhone
		Ad-Hoc|iPhone = Ad-Hoc|iPhone
		AppStore|iPhone = AppStore|iPhone
	EndGlobalSection
	GlobalSection(ProjectConfigurationPlatforms) = postSolution
		{E941F30C-BD56-42A3-8A74-D05565E915DA}.Debug|Any CPU.ActiveCfg = Debug|Any CPU
		{E941F30C-BD56-42A3-8A74-D05565E915DA}.Debug|Any CPU.Build.0 = Debug|Any CPU
		{E941F30C-BD56-42A3-8A74-D05565E915DA}.Release|Any CPU.ActiveCfg = Release|Any CPU
		{E941F30C-BD56-42A3-8A74-D05565E915DA}.Release|Any CPU.Build.0 = Release|Any CPU
		{E941F30C-BD56-42A3-8A74-D05565E915DA}.Debug|iPhoneSimulator.ActiveCfg = Debug|Any CPU
		{E941F30C-BD56-42A3-8A74-D05565E915DA}.Debug|iPhoneSimulator.Build.0 = Debug|Any CPU
		{E941F30C-BD56-42A3-8A74-D05565E915DA}.Release|iPhoneSimulator.ActiveCfg = Release|Any CPU
		{E941F30C-BD56-42A3-8A74-D05565E915DA}.Release|iPhoneSimulator.Build.0 = Release|Any CPU
		{E941F30C-BD56-42A3-8A74-D05565E915DA}.Debug|iPhone.ActiveCfg = Debug|Any CPU
		{E941F30C-BD56-42A3-8A74-D05565E915DA}.Debug|iPhone.Build.0 = Debug|Any CPU
		{E941F30C-BD56-42A3-8A74-D05565E915DA}.Release|iPhone.ActiveCfg = Release|Any CPU
		{E941F30C-BD56-42A3-8A74-D05565E915DA}.Release|iPhone.Build.0 = Release|Any CPU
		{E941F30C-BD56-42A3-8A74-D05565E915DA}.Ad-Hoc|iPhone.ActiveCfg = Debug|Any CPU
		{E941F30C-BD56-42A3-8A74-D05565E915DA}.Ad-Hoc|iPhone.Build.0 = Debug|Any CPU
		{E941F30C-BD56-42A3-8A74-D05565E915DA}.AppStore|iPhone.ActiveCfg = Debug|Any CPU
		{E941F30C-BD56-42A3-8A74-D05565E915DA}.AppStore|iPhone.Build.0 = Debug|Any CPU
		{7B912BF7-396E-4D16-880C-72D59DAE2E0E}.Debug|Any CPU.ActiveCfg = Debug|iPhoneSimulator
		{7B912BF7-396E-4D16-880C-72D59DAE2E0E}.Debug|Any CPU.Build.0 = Debug|iPhoneSimulator
		{7B912BF7-396E-4D16-880C-72D59DAE2E0E}.Release|Any CPU.ActiveCfg = Release|iPhoneSimulator
		{7B912BF7-396E-4D16-880C-72D59DAE2E0E}.Release|Any CPU.Build.0 = Release|iPhoneSimulator
		{7B912BF7-396E-4D16-880C-72D59DAE2E0E}.Debug|iPhoneSimulator.ActiveCfg = Debug|iPhoneSimulator
		{7B912BF7-396E-4D16-880C-72D59DAE2E0E}.Debug|iPhoneSimulator.Build.0 = Debug|iPhoneSimulator
		{7B912BF7-396E-4D16-880C-72D59DAE2E0E}.Release|iPhoneSimulator.ActiveCfg = Release|iPhoneSimulator
		{7B912BF7-396E-4D16-880C-72D59DAE2E0E}.Release|iPhoneSimulator.Build.0 = Release|iPhoneSimulator
		{7B912BF7-396E-4D16-880C-72D59DAE2E0E}.Debug|iPhone.ActiveCfg = Debug|iPhone
		{7B912BF7-396E-4D16-880C-72D59DAE2E0E}.Debug|iPhone.Build.0 = Debug|iPhone
		{7B912BF7-396E-4D16-880C-72D59DAE2E0E}.Release|iPhone.ActiveCfg = Release|iPhone
		{7B912BF7-396E-4D16-880C-72D59DAE2E0E}.Release|iPhone.Build.0 = Release|iPhone
		{7B912BF7-396E-4D16-880C-72D59DAE2E0E}.Ad-Hoc|iPhone.ActiveCfg = Ad-Hoc|iPhone
		{7B912BF7-396E-4D16-880C-72D59DAE2E0E}.Ad-Hoc|iPhone.Build.0 = Ad-Hoc|iPhone
		{7B912BF7-396E-4D16-880C-72D59DAE2E0E}.AppStore|iPhone.ActiveCfg = AppStore|iPhone
		{7B912BF7-396E-4D16-880C-72D59DAE2E0E}.AppStore|iPhone.Build.0 = AppStore|iPhone
		{95496694-7820-46CD-9E11-508B698BFF54}.Debug|Any CPU.ActiveCfg = Debug|Any CPU
		{95496694-7820-46CD-9E11-508B698BFF54}.Debug|Any CPU.Build.0 = Debug|Any CPU
		{95496694-7820-46CD-9E11-508B698BFF54}.Release|Any CPU.ActiveCfg = Release|Any CPU
		{95496694-7820-46CD-9E11-508B698BFF54}.Release|Any CPU.Build.0 = Release|Any CPU
		{95496694-7820-46CD-9E11-508B698BFF54}.Debug|iPhoneSimulator.ActiveCfg = Debug|Any CPU
		{95496694-7820-46CD-9E11-508B698BFF54}.Debug|iPhoneSimulator.Build.0 = Debug|Any CPU
		{95496694-7820-46CD-9E11-508B698BFF54}.Release|iPhoneSimulator.ActiveCfg = Release|Any CPU
		{95496694-7820-46CD-9E11-508B698BFF54}.Release|iPhoneSimulator.Build.0 = Release|Any CPU
		{95496694-7820-46CD-9E11-508B698BFF54}.Debug|iPhone.ActiveCfg = Debug|Any CPU
		{95496694-7820-46CD-9E11-508B698BFF54}.Debug|iPhone.Build.0 = Debug|Any CPU
		{95496694-7820-46CD-9E11-508B698BFF54}.Release|iPhone.ActiveCfg = Release|Any CPU
		{95496694-7820-46CD-9E11-508B698BFF54}.Release|iPhone.Build.0 = Release|Any CPU
		{95496694-7820-46CD-9E11-508B698BFF54}.Ad-Hoc|iPhone.ActiveCfg = Debug|Any CPU
		{95496694-7820-46CD-9E11-508B698BFF54}.Ad-Hoc|iPhone.Build.0 = Debug|Any CPU
		{95496694-7820-46CD-9E11-508B698BFF54}.AppStore|iPhone.ActiveCfg = Debug|Any CPU
		{95496694-7820-46CD-9E11-508B698BFF54}.AppStore|iPhone.Build.0 = Debug|Any CPU
	EndGlobalSection
EndGlobal
